
Microsoft Visual Studio Solution File, Format Version 12.00
# Visual Studio Version 16
VisualStudioVersion = 16.0.31515.178
MinimumVisualStudioVersion = 10.0.40219.1
Project("{FAE04EC0-301F-11D3-BF4B-00C04F79EFBC}") = "YemekSepetiClone", "YemekSepetiClone\YemekSepetiClone.csproj", "{EF57846E-63C0-467E-9903-046F79714F9B}"
EndProject
Global
	GlobalSection(SolutionConfigurationPlatforms) = preSolution
		Debug|Any CPU = Debug|Any CPU
		Release|Any CPU = Release|Any CPU
	EndGlobalSection
	GlobalSection(ProjectConfigurationPlatforms) = postSolution
		{EF57846E-63C0-467E-9903-046F79714F9B}.Debug|Any CPU.ActiveCfg = Debug|Any CPU
		{EF57846E-63C0-467E-9903-046F79714F9B}.Debug|Any CPU.Build.0 = Debug|Any CPU
		{EF57846E-63C0-467E-9903-046F79714F9B}.Release|Any CPU.ActiveCfg = Release|Any CPU
		{EF57846E-63C0-467E-9903-046F79714F9B}.Release|Any CPU.Build.0 = Release|Any CPU
	EndGlobalSection
	GlobalSection(SolutionProperties) = preSolution
		HideSolutionNode = FALSE
	EndGlobalSection
	GlobalSection(ExtensibilityGlobals) = postSolution
		SolutionGuid = {E307DB42-28B6-4FCE-830C-4120C8D54350}
	EndGlobalSection
EndGlobal
